// !$*UTF8*$!
{
	archiveVersion = 1;
	classes = {
	};
	objectVersion = 46;
	objects = {

/* Begin PBXBuildFile section */
		372FF29819097BBD00D70E6E /* AudioToolbox.framework in Frameworks */ = {isa = PBXBuildFile; fileRef = 372FF29719097BBD00D70E6E /* AudioToolbox.framework */; };
		372FF29A19097BFB00D70E6E /* AVFoundation.framework in Frameworks */ = {isa = PBXBuildFile; fileRef = 372FF29919097BFB00D70E6E /* AVFoundation.framework */; };
		372FF2AD1909869100D70E6E /* helicopter.mp3 in Resources */ = {isa = PBXBuildFile; fileRef = 372FF2AA1909869100D70E6E /* helicopter.mp3 */; };
		3792FF32191A8654000A2FD8 /* PlayViewController.m in Sources */ = {isa = PBXBuildFile; fileRef = 3792FF31191A8654000A2FD8 /* PlayViewController.m */; };
		3792FF3519287610000A2FD8 /* ResultViewController.m in Sources */ = {isa = PBXBuildFile; fileRef = 3792FF3419287610000A2FD8 /* ResultViewController.m */; };
		3792FF381928A4F8000A2FD8 /* GoalViewController.m in Sources */ = {isa = PBXBuildFile; fileRef = 3792FF371928A4F8000A2FD8 /* GoalViewController.m */; };
		37ED344E18A1658300639933 /* Foundation.framework in Frameworks */ = {isa = PBXBuildFile; fileRef = 37ED344D18A1658300639933 /* Foundation.framework */; };
		37ED345018A1658300639933 /* CoreGraphics.framework in Frameworks */ = {isa = PBXBuildFile; fileRef = 37ED344F18A1658300639933 /* CoreGraphics.framework */; };
		37ED345218A1658300639933 /* UIKit.framework in Frameworks */ = {isa = PBXBuildFile; fileRef = 37ED345118A1658300639933 /* UIKit.framework */; };
		37ED345818A1658300639933 /* InfoPlist.strings in Resources */ = {isa = PBXBuildFile; fileRef = 37ED345618A1658300639933 /* InfoPlist.strings */; };
		37ED345A18A1658300639933 /* main.m in Sources */ = {isa = PBXBuildFile; fileRef = 37ED345918A1658300639933 /* main.m */; };
		37ED345E18A1658300639933 /* AppDelegate.m in Sources */ = {isa = PBXBuildFile; fileRef = 37ED345D18A1658300639933 /* AppDelegate.m */; };
		37ED346118A1658300639933 /* Main.storyboard in Resources */ = {isa = PBXBuildFile; fileRef = 37ED345F18A1658300639933 /* Main.storyboard */; };
		37ED346418A1658300639933 /* ViewController.m in Sources */ = {isa = PBXBuildFile; fileRef = 37ED346318A1658300639933 /* ViewController.m */; };
		37ED346618A1658300639933 /* Images.xcassets in Resources */ = {isa = PBXBuildFile; fileRef = 37ED346518A1658300639933 /* Images.xcassets */; };
		37ED346D18A1658300639933 /* XCTest.framework in Frameworks */ = {isa = PBXBuildFile; fileRef = 37ED346C18A1658300639933 /* XCTest.framework */; };
		37ED346E18A1658300639933 /* Foundation.framework in Frameworks */ = {isa = PBXBuildFile; fileRef = 37ED344D18A1658300639933 /* Foundation.framework */; };
		37ED346F18A1658300639933 /* UIKit.framework in Frameworks */ = {isa = PBXBuildFile; fileRef = 37ED345118A1658300639933 /* UIKit.framework */; };
		37ED347718A1658300639933 /* InfoPlist.strings in Resources */ = {isa = PBXBuildFile; fileRef = 37ED347518A1658300639933 /* InfoPlist.strings */; };
		37ED347918A1658300639933 /* LocationApp2Tests.m in Sources */ = {isa = PBXBuildFile; fileRef = 37ED347818A1658300639933 /* LocationApp2Tests.m */; };
		37ED348318A2978000639933 /* CoreLocation.framework in Frameworks */ = {isa = PBXBuildFile; fileRef = 37ED348218A2978000639933 /* CoreLocation.framework */; };
		37ED348518A668AE00639933 /* libsqlite3.0.dylib in Frameworks */ = {isa = PBXBuildFile; fileRef = 37ED348418A668AE00639933 /* libsqlite3.0.dylib */; };
		37ED349118A669B300639933 /* FMDatabase.m in Sources */ = {isa = PBXBuildFile; fileRef = 37ED348818A669B300639933 /* FMDatabase.m */; };
		37ED349218A669B300639933 /* FMDatabaseAdditions.m in Sources */ = {isa = PBXBuildFile; fileRef = 37ED348A18A669B300639933 /* FMDatabaseAdditions.m */; };
		37ED349318A669B300639933 /* FMDatabasePool.m in Sources */ = {isa = PBXBuildFile; fileRef = 37ED348C18A669B300639933 /* FMDatabasePool.m */; };
		37ED349418A669B300639933 /* FMDatabaseQueue.m in Sources */ = {isa = PBXBuildFile; fileRef = 37ED348E18A669B300639933 /* FMDatabaseQueue.m */; };
		37ED349518A669B300639933 /* FMResultSet.m in Sources */ = {isa = PBXBuildFile; fileRef = 37ED349018A669B300639933 /* FMResultSet.m */; };
/* End PBXBuildFile section */

/* Begin PBXContainerItemProxy section */
		37ED347018A1658300639933 /* PBXContainerItemProxy */ = {
			isa = PBXContainerItemProxy;
			containerPortal = 37ED344218A1658300639933 /* Project object */;
			proxyType = 1;
			remoteGlobalIDString = 37ED344918A1658300639933;
			remoteInfo = LocationApp2;
		};
/* End PBXContainerItemProxy section */

/* Begin PBXFileReference section */
		372FF29719097BBD00D70E6E /* AudioToolbox.framework */ = {isa = PBXFileReference; lastKnownFileType = wrapper.framework; name = AudioToolbox.framework; path = System/Library/Frameworks/AudioToolbox.framework; sourceTree = SDKROOT; };
		372FF29919097BFB00D70E6E /* AVFoundation.framework */ = {isa = PBXFileReference; lastKnownFileType = wrapper.framework; name = AVFoundation.framework; path = System/Library/Frameworks/AVFoundation.framework; sourceTree = SDKROOT; };
		372FF2AA1909869100D70E6E /* helicopter.mp3 */ = {isa = PBXFileReference; lastKnownFileType = audio.mp3; name = helicopter.mp3; path = ../../../helicopter.mp3; sourceTree = "<group>"; };
		3792FF30191A8654000A2FD8 /* PlayViewController.h */ = {isa = PBXFileReference; fileEncoding = 4; lastKnownFileType = sourcecode.c.h; path = PlayViewController.h; sourceTree = "<group>"; };
		3792FF31191A8654000A2FD8 /* PlayViewController.m */ = {isa = PBXFileReference; fileEncoding = 4; lastKnownFileType = sourcecode.c.objc; path = PlayViewController.m; sourceTree = "<group>"; };
		3792FF3319287610000A2FD8 /* ResultViewController.h */ = {isa = PBXFileReference; fileEncoding = 4; lastKnownFileType = sourcecode.c.h; path = ResultViewController.h; sourceTree = "<group>"; };
		3792FF3419287610000A2FD8 /* ResultViewController.m */ = {isa = PBXFileReference; fileEncoding = 4; lastKnownFileType = sourcecode.c.objc; path = ResultViewController.m; sourceTree = "<group>"; };
		3792FF361928A4F8000A2FD8 /* GoalViewController.h */ = {isa = PBXFileReference; fileEncoding = 4; lastKnownFileType = sourcecode.c.h; path = GoalViewController.h; sourceTree = "<group>"; };
		3792FF371928A4F8000A2FD8 /* GoalViewController.m */ = {isa = PBXFileReference; fileEncoding = 4; lastKnownFileType = sourcecode.c.objc; path = GoalViewController.m; sourceTree = "<group>"; };
		37ED344A18A1658300639933 /* LocationApp2.app */ = {isa = PBXFileReference; explicitFileType = wrapper.application; includeInIndex = 0; path = LocationApp2.app; sourceTree = BUILT_PRODUCTS_DIR; };
		37ED344D18A1658300639933 /* Foundation.framework */ = {isa = PBXFileReference; lastKnownFileType = wrapper.framework; name = Foundation.framework; path = System/Library/Frameworks/Foundation.framework; sourceTree = SDKROOT; };
		37ED344F18A1658300639933 /* CoreGraphics.framework */ = {isa = PBXFileReference; lastKnownFileType = wrapper.framework; name = CoreGraphics.framework; path = System/Library/Frameworks/CoreGraphics.framework; sourceTree = SDKROOT; };
		37ED345118A1658300639933 /* UIKit.framework */ = {isa = PBXFileReference; lastKnownFileType = wrapper.framework; name = UIKit.framework; path = System/Library/Frameworks/UIKit.framework; sourceTree = SDKROOT; };
		37ED345518A1658300639933 /* LocationApp2-Info.plist */ = {isa = PBXFileReference; lastKnownFileType = text.plist.xml; path = "LocationApp2-Info.plist"; sourceTree = "<group>"; };
		37ED345718A1658300639933 /* en */ = {isa = PBXFileReference; lastKnownFileType = text.plist.strings; name = en; path = en.lproj/InfoPlist.strings; sourceTree = "<group>"; };
		37ED345918A1658300639933 /* main.m */ = {isa = PBXFileReference; lastKnownFileType = sourcecode.c.objc; path = main.m; sourceTree = "<group>"; };
		37ED345B18A1658300639933 /* LocationApp2-Prefix.pch */ = {isa = PBXFileReference; lastKnownFileType = sourcecode.c.h; path = "LocationApp2-Prefix.pch"; sourceTree = "<group>"; };
		37ED345C18A1658300639933 /* AppDelegate.h */ = {isa = PBXFileReference; lastKnownFileType = sourcecode.c.h; path = AppDelegate.h; sourceTree = "<group>"; };
		37ED345D18A1658300639933 /* AppDelegate.m */ = {isa = PBXFileReference; lastKnownFileType = sourcecode.c.objc; path = AppDelegate.m; sourceTree = "<group>"; };
		37ED346018A1658300639933 /* Base */ = {isa = PBXFileReference; lastKnownFileType = file.storyboard; name = Base; path = Base.lproj/Main.storyboard; sourceTree = "<group>"; };
		37ED346218A1658300639933 /* ViewController.h */ = {isa = PBXFileReference; lastKnownFileType = sourcecode.c.h; path = ViewController.h; sourceTree = "<group>"; };
		37ED346318A1658300639933 /* ViewController.m */ = {isa = PBXFileReference; lastKnownFileType = sourcecode.c.objc; path = ViewController.m; sourceTree = "<group>"; };
		37ED346518A1658300639933 /* Images.xcassets */ = {isa = PBXFileReference; lastKnownFileType = folder.assetcatalog; path = Images.xcassets; sourceTree = "<group>"; };
		37ED346B18A1658300639933 /* LocationApp2Tests.xctest */ = {isa = PBXFileReference; explicitFileType = wrapper.cfbundle; includeInIndex = 0; path = LocationApp2Tests.xctest; sourceTree = BUILT_PRODUCTS_DIR; };
		37ED346C18A1658300639933 /* XCTest.framework */ = {isa = PBXFileReference; lastKnownFileType = wrapper.framework; name = XCTest.framework; path = Library/Frameworks/XCTest.framework; sourceTree = DEVELOPER_DIR; };
		37ED347418A1658300639933 /* LocationApp2Tests-Info.plist */ = {isa = PBXFileReference; lastKnownFileType = text.plist.xml; path = "LocationApp2Tests-Info.plist"; sourceTree = "<group>"; };
		37ED347618A1658300639933 /* en */ = {isa = PBXFileReference; lastKnownFileType = text.plist.strings; name = en; path = en.lproj/InfoPlist.strings; sourceTree = "<group>"; };
		37ED347818A1658300639933 /* LocationApp2Tests.m */ = {isa = PBXFileReference; lastKnownFileType = sourcecode.c.objc; path = LocationApp2Tests.m; sourceTree = "<group>"; };
		37ED348218A2978000639933 /* CoreLocation.framework */ = {isa = PBXFileReference; lastKnownFileType = wrapper.framework; name = CoreLocation.framework; path = System/Library/Frameworks/CoreLocation.framework; sourceTree = SDKROOT; };
		37ED348418A668AE00639933 /* libsqlite3.0.dylib */ = {isa = PBXFileReference; lastKnownFileType = "compiled.mach-o.dylib"; name = libsqlite3.0.dylib; path = usr/lib/libsqlite3.0.dylib; sourceTree = SDKROOT; };
		37ED348718A669B300639933 /* FMDatabase.h */ = {isa = PBXFileReference; fileEncoding = 4; lastKnownFileType = sourcecode.c.h; name = FMDatabase.h; path = "../../../fmdb-master/src/FMDatabase.h"; sourceTree = "<group>"; };
		37ED348818A669B300639933 /* FMDatabase.m */ = {isa = PBXFileReference; fileEncoding = 4; lastKnownFileType = sourcecode.c.objc; name = FMDatabase.m; path = "../../../fmdb-master/src/FMDatabase.m"; sourceTree = "<group>"; };
		37ED348918A669B300639933 /* FMDatabaseAdditions.h */ = {isa = PBXFileReference; fileEncoding = 4; lastKnownFileType = sourcecode.c.h; name = FMDatabaseAdditions.h; path = "../../../fmdb-master/src/FMDatabaseAdditions.h"; sourceTree = "<group>"; };
		37ED348A18A669B300639933 /* FMDatabaseAdditions.m */ = {isa = PBXFileReference; fileEncoding = 4; lastKnownFileType = sourcecode.c.objc; name = FMDatabaseAdditions.m; path = "../../../fmdb-master/src/FMDatabaseAdditions.m"; sourceTree = "<group>"; };
		37ED348B18A669B300639933 /* FMDatabasePool.h */ = {isa = PBXFileReference; fileEncoding = 4; lastKnownFileType = sourcecode.c.h; name = FMDatabasePool.h; path = "../../../fmdb-master/src/FMDatabasePool.h"; sourceTree = "<group>"; };
		37ED348C18A669B300639933 /* FMDatabasePool.m */ = {isa = PBXFileReference; fileEncoding = 4; lastKnownFileType = sourcecode.c.objc; name = FMDatabasePool.m; path = "../../../fmdb-master/src/FMDatabasePool.m"; sourceTree = "<group>"; };
		37ED348D18A669B300639933 /* FMDatabaseQueue.h */ = {isa = PBXFileReference; fileEncoding = 4; lastKnownFileType = sourcecode.c.h; name = FMDatabaseQueue.h; path = "../../../fmdb-master/src/FMDatabaseQueue.h"; sourceTree = "<group>"; };
		37ED348E18A669B300639933 /* FMDatabaseQueue.m */ = {isa = PBXFileReference; fileEncoding = 4; lastKnownFileType = sourcecode.c.objc; name = FMDatabaseQueue.m; path = "../../../fmdb-master/src/FMDatabaseQueue.m"; sourceTree = "<group>"; };
		37ED348F18A669B300639933 /* FMResultSet.h */ = {isa = PBXFileReference; fileEncoding = 4; lastKnownFileType = sourcecode.c.h; name = FMResultSet.h; path = "../../../fmdb-master/src/FMResultSet.h"; sourceTree = "<group>"; };
		37ED349018A669B300639933 /* FMResultSet.m */ = {isa = PBXFileReference; fileEncoding = 4; lastKnownFileType = sourcecode.c.objc; name = FMResultSet.m; path = "../../../fmdb-master/src/FMResultSet.m"; sourceTree = "<group>"; };
/* End PBXFileReference section */

/* Begin PBXFrameworksBuildPhase section */
		37ED344718A1658300639933 /* Frameworks */ = {
			isa = PBXFrameworksBuildPhase;
			buildActionMask = 2147483647;
			files = (
				372FF29A19097BFB00D70E6E /* AVFoundation.framework in Frameworks */,
				372FF29819097BBD00D70E6E /* AudioToolbox.framework in Frameworks */,
				37ED348518A668AE00639933 /* libsqlite3.0.dylib in Frameworks */,
				37ED348318A2978000639933 /* CoreLocation.framework in Frameworks */,
				37ED345018A1658300639933 /* CoreGraphics.framework in Frameworks */,
				37ED345218A1658300639933 /* UIKit.framework in Frameworks */,
				37ED344E18A1658300639933 /* Foundation.framework in Frameworks */,
			);
			runOnlyForDeploymentPostprocessing = 0;
		};
		37ED346818A1658300639933 /* Frameworks */ = {
			isa = PBXFrameworksBuildPhase;
			buildActionMask = 2147483647;
			files = (
				37ED346D18A1658300639933 /* XCTest.framework in Frameworks */,
				37ED346F18A1658300639933 /* UIKit.framework in Frameworks */,
				37ED346E18A1658300639933 /* Foundation.framework in Frameworks */,
			);
			runOnlyForDeploymentPostprocessing = 0;
		};
/* End PBXFrameworksBuildPhase section */

/* Begin PBXGroup section */
		372FF2A31909841600D70E6E /* Sound */ = {
			isa = PBXGroup;
			children = (
				372FF2AA1909869100D70E6E /* helicopter.mp3 */,
			);
			name = Sound;
			sourceTree = "<group>";
		};
		37ED344118A1658300639933 = {
			isa = PBXGroup;
			children = (
				37ED345318A1658300639933 /* LocationApp2 */,
				37ED347218A1658300639933 /* LocationApp2Tests */,
				37ED344C18A1658300639933 /* Frameworks */,
				37ED344B18A1658300639933 /* Products */,
			);
			sourceTree = "<group>";
		};
		37ED344B18A1658300639933 /* Products */ = {
			isa = PBXGroup;
			children = (
				37ED344A18A1658300639933 /* LocationApp2.app */,
				37ED346B18A1658300639933 /* LocationApp2Tests.xctest */,
			);
			name = Products;
			sourceTree = "<group>";
		};
		37ED344C18A1658300639933 /* Frameworks */ = {
			isa = PBXGroup;
			children = (
				372FF29919097BFB00D70E6E /* AVFoundation.framework */,
				372FF29719097BBD00D70E6E /* AudioToolbox.framework */,
				37ED348418A668AE00639933 /* libsqlite3.0.dylib */,
				37ED348218A2978000639933 /* CoreLocation.framework */,
				37ED344D18A1658300639933 /* Foundation.framework */,
				37ED344F18A1658300639933 /* CoreGraphics.framework */,
				37ED345118A1658300639933 /* UIKit.framework */,
				37ED346C18A1658300639933 /* XCTest.framework */,
			);
			name = Frameworks;
			sourceTree = "<group>";
		};
		37ED345318A1658300639933 /* LocationApp2 */ = {
			isa = PBXGroup;
			children = (
				372FF2A31909841600D70E6E /* Sound */,
				37ED348618A6698100639933 /* fmdb */,
				37ED345C18A1658300639933 /* AppDelegate.h */,
				37ED345D18A1658300639933 /* AppDelegate.m */,
				37ED346218A1658300639933 /* ViewController.h */,
				37ED345F18A1658300639933 /* Main.storyboard */,
				37ED346318A1658300639933 /* ViewController.m */,
				3792FF30191A8654000A2FD8 /* PlayViewController.h */,
				3792FF31191A8654000A2FD8 /* PlayViewController.m */,
				3792FF3319287610000A2FD8 /* ResultViewController.h */,
				3792FF3419287610000A2FD8 /* ResultViewController.m */,
				3792FF361928A4F8000A2FD8 /* GoalViewController.h */,
				3792FF371928A4F8000A2FD8 /* GoalViewController.m */,
				37ED346518A1658300639933 /* Images.xcassets */,
				37ED345418A1658300639933 /* Supporting Files */,
			);
			path = LocationApp2;
			sourceTree = "<group>";
		};
		37ED345418A1658300639933 /* Supporting Files */ = {
			isa = PBXGroup;
			children = (
				37ED345518A1658300639933 /* LocationApp2-Info.plist */,
				37ED345618A1658300639933 /* InfoPlist.strings */,
				37ED345918A1658300639933 /* main.m */,
				37ED345B18A1658300639933 /* LocationApp2-Prefix.pch */,
			);
			name = "Supporting Files";
			sourceTree = "<group>";
		};
		37ED347218A1658300639933 /* LocationApp2Tests */ = {
			isa = PBXGroup;
			children = (
				37ED347818A1658300639933 /* LocationApp2Tests.m */,
				37ED347318A1658300639933 /* Supporting Files */,
			);
			path = LocationApp2Tests;
			sourceTree = "<group>";
		};
		37ED347318A1658300639933 /* Supporting Files */ = {
			isa = PBXGroup;
			children = (
				37ED347418A1658300639933 /* LocationApp2Tests-Info.plist */,
				37ED347518A1658300639933 /* InfoPlist.strings */,
			);
			name = "Supporting Files";
			sourceTree = "<group>";
		};
		37ED348618A6698100639933 /* fmdb */ = {
			isa = PBXGroup;
			children = (
				37ED348718A669B300639933 /* FMDatabase.h */,
				37ED348818A669B300639933 /* FMDatabase.m */,
				37ED348918A669B300639933 /* FMDatabaseAdditions.h */,
				37ED348A18A669B300639933 /* FMDatabaseAdditions.m */,
				37ED348B18A669B300639933 /* FMDatabasePool.h */,
				37ED348C18A669B300639933 /* FMDatabasePool.m */,
				37ED348D18A669B300639933 /* FMDatabaseQueue.h */,
				37ED348E18A669B300639933 /* FMDatabaseQueue.m */,
				37ED348F18A669B300639933 /* FMResultSet.h */,
				37ED349018A669B300639933 /* FMResultSet.m */,
			);
			name = fmdb;
			sourceTree = "<group>";
		};
/* End PBXGroup section */

/* Begin PBXNativeTarget section */
		37ED344918A1658300639933 /* LocationApp2 */ = {
			isa = PBXNativeTarget;
			buildConfigurationList = 37ED347C18A1658300639933 /* Build configuration list for PBXNativeTarget "LocationApp2" */;
			buildPhases = (
				37ED344618A1658300639933 /* Sources */,
				37ED344718A1658300639933 /* Frameworks */,
				37ED344818A1658300639933 /* Resources */,
			);
			buildRules = (
			);
			dependencies = (
			);
			name = LocationApp2;
			productName = LocationApp2;
			productReference = 37ED344A18A1658300639933 /* LocationApp2.app */;
			productType = "com.apple.product-type.application";
		};
		37ED346A18A1658300639933 /* LocationApp2Tests */ = {
			isa = PBXNativeTarget;
			buildConfigurationList = 37ED347F18A1658300639933 /* Build configuration list for PBXNativeTarget "LocationApp2Tests" */;
			buildPhases = (
				37ED346718A1658300639933 /* Sources */,
				37ED346818A1658300639933 /* Frameworks */,
				37ED346918A1658300639933 /* Resources */,
			);
			buildRules = (
			);
			dependencies = (
				37ED347118A1658300639933 /* PBXTargetDependency */,
			);
			name = LocationApp2Tests;
			productName = LocationApp2Tests;
			productReference = 37ED346B18A1658300639933 /* LocationApp2Tests.xctest */;
			productType = "com.apple.product-type.bundle.unit-test";
		};
/* End PBXNativeTarget section */

/* Begin PBXProject section */
		37ED344218A1658300639933 /* Project object */ = {
			isa = PBXProject;
			attributes = {
				LastUpgradeCheck = 0500;
				ORGANIZATIONNAME = "mitsui yoshito";
				TargetAttributes = {
					37ED346A18A1658300639933 = {
						TestTargetID = 37ED344918A1658300639933;
					};
				};
			};
			buildConfigurationList = 37ED344518A1658300639933 /* Build configuration list for PBXProject "LocationApp2" */;
			compatibilityVersion = "Xcode 3.2";
			developmentRegion = English;
			hasScannedForEncodings = 0;
			knownRegions = (
				en,
				Base,
			);
			mainGroup = 37ED344118A1658300639933;
			productRefGroup = 37ED344B18A1658300639933 /* Products */;
			projectDirPath = "";
			projectRoot = "";
			targets = (
				37ED344918A1658300639933 /* LocationApp2 */,
				37ED346A18A1658300639933 /* LocationApp2Tests */,
			);
		};
/* End PBXProject section */

/* Begin PBXResourcesBuildPhase section */
		37ED344818A1658300639933 /* Resources */ = {
			isa = PBXResourcesBuildPhase;
			buildActionMask = 2147483647;
			files = (
				37ED346618A1658300639933 /* Images.xcassets in Resources */,
				37ED345818A1658300639933 /* InfoPlist.strings in Resources */,
				372FF2AD1909869100D70E6E /* helicopter.mp3 in Resources */,
				37ED346118A1658300639933 /* Main.storyboard in Resources */,
			);
			runOnlyForDeploymentPostprocessing = 0;
		};
		37ED346918A1658300639933 /* Resources */ = {
			isa = PBXResourcesBuildPhase;
			buildActionMask = 2147483647;
			files = (
				37ED347718A1658300639933 /* InfoPlist.strings in Resources */,
			);
			runOnlyForDeploymentPostprocessing = 0;
		};
/* End PBXResourcesBuildPhase section */

/* Begin PBXSourcesBuildPhase section */
		37ED344618A1658300639933 /* Sources */ = {
			isa = PBXSourcesBuildPhase;
			buildActionMask = 2147483647;
			files = (
				37ED346418A1658300639933 /* ViewController.m in Sources */,
				37ED349318A669B300639933 /* FMDatabasePool.m in Sources */,
				37ED345E18A1658300639933 /* AppDelegate.m in Sources */,
				3792FF3519287610000A2FD8 /* ResultViewController.m in Sources */,
				37ED349418A669B300639933 /* FMDatabaseQueue.m in Sources */,
				37ED345A18A1658300639933 /* main.m in Sources */,
				37ED349118A669B300639933 /* FMDatabase.m in Sources */,
				37ED349518A669B300639933 /* FMResultSet.m in Sources */,
				3792FF32191A8654000A2FD8 /* PlayViewController.m in Sources */,
				3792FF381928A4F8000A2FD8 /* GoalViewController.m in Sources */,
				37ED349218A669B300639933 /* FMDatabaseAdditions.m in Sources */,
			);
			runOnlyForDeploymentPostprocessing = 0;
		};
		37ED346718A1658300639933 /* Sources */ = {
			isa = PBXSourcesBuildPhase;
			buildActionMask = 2147483647;
			files = (
				37ED347918A1658300639933 /* LocationApp2Tests.m in Sources */,
			);
			runOnlyForDeploymentPostprocessing = 0;
		};
/* End PBXSourcesBuildPhase section */

/* Begin PBXTargetDependency section */
		37ED347118A1658300639933 /* PBXTargetDependency */ = {
			isa = PBXTargetDependency;
			target = 37ED344918A1658300639933 /* LocationApp2 */;
			targetProxy = 37ED347018A1658300639933 /* PBXContainerItemProxy */;
		};
/* End PBXTargetDependency section */

/* Begin PBXVariantGroup section */
		37ED345618A1658300639933 /* InfoPlist.strings */ = {
			isa = PBXVariantGroup;
			children = (
				37ED345718A1658300639933 /* en */,
			);
			name = InfoPlist.strings;
			sourceTree = "<group>";
		};
		37ED345F18A1658300639933 /* Main.storyboard */ = {
			isa = PBXVariantGroup;
			children = (
				37ED346018A1658300639933 /* Base */,
			);
			name = Main.storyboard;
			sourceTree = "<group>";
		};
		37ED347518A1658300639933 /* InfoPlist.strings */ = {
			isa = PBXVariantGroup;
			children = (
				37ED347618A1658300639933 /* en */,
			);
			name = InfoPlist.strings;
			sourceTree = "<group>";
		};
/* End PBXVariantGroup section */

/* Begin XCBuildConfiguration section */
		37ED347A18A1658300639933 /* Debug */ = {
			isa = XCBuildConfiguration;
			buildSettings = {
				ALWAYS_SEARCH_USER_PATHS = NO;
				ARCHS = "$(ARCHS_STANDARD_INCLUDING_64_BIT)";
				CLANG_CXX_LANGUAGE_STANDARD = "gnu++0x";
				CLANG_CXX_LIBRARY = "libc++";
				CLANG_ENABLE_MODULES = YES;
				CLANG_ENABLE_OBJC_ARC = YES;
				CLANG_WARN_BOOL_CONVERSION = YES;
				CLANG_WARN_CONSTANT_CONVERSION = YES;
				CLANG_WARN_DIRECT_OBJC_ISA_USAGE = YES_ERROR;
				CLANG_WARN_EMPTY_BODY = YES;
				CLANG_WARN_ENUM_CONVERSION = YES;
				CLANG_WARN_INT_CONVERSION = YES;
				CLANG_WARN_OBJC_ROOT_CLASS = YES_ERROR;
				CLANG_WARN__DUPLICATE_METHOD_MATCH = YES;
				"CODE_SIGN_IDENTITY[sdk=iphoneos*]" = "iPhone Developer";
				COPY_PHASE_STRIP = NO;
				GCC_C_LANGUAGE_STANDARD = gnu99;
				GCC_DYNAMIC_NO_PIC = NO;
				GCC_OPTIMIZATION_LEVEL = 0;
				GCC_PREPROCESSOR_DEFINITIONS = (
					"DEBUG=1",
					"$(inherited)",
				);
				GCC_SYMBOLS_PRIVATE_EXTERN = NO;
				GCC_WARN_64_TO_32_BIT_CONVERSION = YES;
				GCC_WARN_ABOUT_RETURN_TYPE = YES_ERROR;
				GCC_WARN_UNDECLARED_SELECTOR = YES;
				GCC_WARN_UNINITIALIZED_AUTOS = YES;
				GCC_WARN_UNUSED_FUNCTION = YES;
				GCC_WARN_UNUSED_VARIABLE = YES;
				IPHONEOS_DEPLOYMENT_TARGET = 7.0;
				ONLY_ACTIVE_ARCH = YES;
				SDKROOT = iphoneos;
			};
			name = Debug;
		};
		37ED347B18A1658300639933 /* Release */ = {
			isa = XCBuildConfiguration;
			buildSettings = {
				ALWAYS_SEARCH_USER_PATHS = NO;
				ARCHS = "$(ARCHS_STANDARD_INCLUDING_64_BIT)";
				CLANG_CXX_LANGUAGE_STANDARD = "gnu++0x";
				CLANG_CXX_LIBRARY = "libc++";
				CLANG_ENABLE_MODULES = YES;
				CLANG_ENABLE_OBJC_ARC = YES;
				CLANG_WARN_BOOL_CONVERSION = YES;
				CLANG_WARN_CONSTANT_CONVERSION = YES;
				CLANG_WARN_DIRECT_OBJC_ISA_USAGE = YES_ERROR;
				CLANG_WARN_EMPTY_BODY = YES;
				CLANG_WARN_ENUM_CONVERSION = YES;
				CLANG_WARN_INT_CONVERSION = YES;
				CLANG_WARN_OBJC_ROOT_CLASS = YES_ERROR;
				CLANG_WARN__DUPLICATE_METHOD_MATCH = YES;
				"CODE_SIGN_IDENTITY[sdk=iphoneos*]" = "iPhone Developer";
				COPY_PHASE_STRIP = YES;
				ENABLE_NS_ASSERTIONS = NO;
				GCC_C_LANGUAGE_STANDARD = gnu99;
				GCC_WARN_64_TO_32_BIT_CONVERSION = YES;
				GCC_WARN_ABOUT_RETURN_TYPE = YES_ERROR;
				GCC_WARN_UNDECLARED_SELECTOR = YES;
				GCC_WARN_UNINITIALIZED_AUTOS = YES;
				GCC_WARN_UNUSED_FUNCTION = YES;
				GCC_WARN_UNUSED_VARIABLE = YES;
				IPHONEOS_DEPLOYMENT_TARGET = 7.0;
				SDKROOT = iphoneos;
				VALIDATE_PRODUCT = YES;
			};
			name = Release;
		};
		37ED347D18A1658300639933 /* Debug */ = {
			isa = XCBuildConfiguration;
			buildSettings = {
				ASSETCATALOG_COMPILER_APPICON_NAME = AppIcon;
				ASSETCATALOG_COMPILER_LAUNCHIMAGE_NAME = LaunchImage;
				GCC_PRECOMPILE_PREFIX_HEADER = YES;
				GCC_PREFIX_HEADER = "LocationApp2/LocationApp2-Prefix.pch";
				INFOPLIST_FILE = "LocationApp2/LocationApp2-Info.plist";
				PRODUCT_NAME = "$(TARGET_NAME)";
				WRAPPER_EXTENSION = app;
			};
			name = Debug;
		};
		37ED347E18A1658300639933 /* Release */ = {
			isa = XCBuildConfiguration;
			buildSettings = {
				ASSETCATALOG_COMPILER_APPICON_NAME = AppIcon;
				ASSETCATALOG_COMPILER_LAUNCHIMAGE_NAME = LaunchImage;
				GCC_PRECOMPILE_PREFIX_HEADER = YES;
				GCC_PREFIX_HEADER = "LocationApp2/LocationApp2-Prefix.pch";
				INFOPLIST_FILE = "LocationApp2/LocationApp2-Info.plist";
				PRODUCT_NAME = "$(TARGET_NAME)";
				WRAPPER_EXTENSION = app;
			};
			name = Release;
		};
		37ED348018A1658300639933 /* Debug */ = {
			isa = XCBuildConfiguration;
			buildSettings = {
				ARCHS = "$(ARCHS_STANDARD_INCLUDING_64_BIT)";
				BUNDLE_LOADER = "$(BUILT_PRODUCTS_DIR)/LocationApp2.app/LocationApp2";
				FRAMEWORK_SEARCH_PATHS = (
					"$(SDKROOT)/Developer/Library/Frameworks",
					"$(inherited)",
					"$(DEVELOPER_FRAMEWORKS_DIR)",
				);
				GCC_PRECOMPILE_PREFIX_HEADER = YES;
				GCC_PREFIX_HEADER = "LocationApp2/LocationApp2-Prefix.pch";
				GCC_PREPROCESSOR_DEFINITIONS = (
					"DEBUG=1",
					"$(inherited)",
				);
				INFOPLIST_FILE = "LocationApp2Tests/LocationApp2Tests-Info.plist";
				PRODUCT_NAME = "$(TARGET_NAME)";
				TEST_HOST = "$(BUNDLE_LOADER)";
				WRAPPER_EXTENSION = xctest;
			};
			name = Debug;
		};
		37ED348118A1658300639933 /* Release */ = {
			isa = XCBuildConfiguration;
			buildSettings = {
				ARCHS = "$(ARCHS_STANDARD_INCLUDING_64_BIT)";
				BUNDLE_LOADER = "$(BUILT_PRODUCTS_DIR)/LocationApp2.app/LocationApp2";
				FRAMEWORK_SEARCH_PATHS = (
					"$(SDKROOT)/Developer/Library/Frameworks",
					"$(inherited)",
					"$(DEVELOPER_FRAMEWORKS_DIR)",
				);
				GCC_PRECOMPILE_PREFIX_HEADER = YES;
				GCC_PREFIX_HEADER = "LocationApp2/LocationApp2-Prefix.pch";
				INFOPLIST_FILE = "LocationApp2Tests/LocationApp2Tests-Info.plist";
				PRODUCT_NAME = "$(TARGET_NAME)";
				TEST_HOST = "$(BUNDLE_LOADER)";
				WRAPPER_EXTENSION = xctest;
			};
			name = Release;
		};
/* End XCBuildConfiguration section */

/* Begin XCConfigurationList section */
		37ED344518A1658300639933 /* Build configuration list for PBXProject "LocationApp2" */ = {
			isa = XCConfigurationList;
			buildConfigurations = (
				37ED347A18A1658300639933 /* Debug */,
				37ED347B18A1658300639933 /* Release */,
			);
			defaultConfigurationIsVisible = 0;
			defaultConfigurationName = Release;
		};
		37ED347C18A1658300639933 /* Build configuration list for PBXNativeTarget "LocationApp2" */ = {
			isa = XCConfigurationList;
			buildConfigurations = (
				37ED347D18A1658300639933 /* Debug */,
				37ED347E18A1658300639933 /* Release */,
			);
			defaultConfigurationIsVisible = 0;
			defaultConfigurationName = Release;
		};
		37ED347F18A1658300639933 /* Build configuration list for PBXNativeTarget "LocationApp2Tests" */ = {
			isa = XCConfigurationList;
			buildConfigurations = (
				37ED348018A1658300639933 /* Debug */,
				37ED348118A1658300639933 /* Release */,
			);
			defaultConfigurationIsVisible = 0;
			defaultConfigurationName = Release;
		};
/* End XCConfigurationList section */
	};
	rootObject = 37ED344218A1658300639933 /* Project object */;
}
